{
  "name": "preact-custom-element-study",
  "version": "1.0.0",
  "lockfileVersion": 2,
  "requires": true,
  "packages": {
    "": {
      "name": "preact-custom-element-study",
      "version": "1.0.0",
      "license": "ISC",
      "dependencies": {
        "hls.js": "^1.1.5",
        "preact": "^10.7.2"
      }
    },
    "node_modules/hls.js": {
      "version": "1.1.5",
      "resolved": "https://registry.npmjs.org/hls.js/-/hls.js-1.1.5.tgz",
      "integrity": "sha512-mQX5TSNtJEzGo5HPpvcQgCu+BWoKDQM6YYtg/KbgWkmVAcqOCvSTi0SuqG2ZJLXxIzdnFcKU2z7Mrw/YQWhPOA=="
    },
    "node_modules/preact": {
      "version": "10.7.2",
      "resolved": "https://registry.npmjs.org/preact/-/preact-10.7.2.tgz",
      "integrity": "sha512-GLjn0I3r6ka+NvxJUppsVFqb4V0qDTEHT/QxHlidPuClGaxF/4AI2Qti4a0cv3XMh5n1+D3hLScW10LRIm5msQ==",
      "funding": {
        "type": "opencollective",
        "url": "https://opencollective.com/preact"
      }
    }
  },
  "dependencies": {
    "hls.js": {
      "version": "1.1.5",
      "resolved": "https://registry.npmjs.org/hls.js/-/hls.js-1.1.5.tgz",
      "integrity": "sha512-mQX5TSNtJEzGo5HPpvcQgCu+BWoKDQM6YYtg/KbgWkmVAcqOCvSTi0SuqG2ZJLXxIzdnFcKU2z7Mrw/YQWhPOA=="
    },
    "preact": {
      "version": "10.7.2",
      "resolved": "https://registry.npmjs.org/preact/-/preact-10.7.2.tgz",
      "integrity": "sha512-GLjn0I3r6ka+NvxJUppsVFqb4V0qDTEHT/QxHlidPuClGaxF/4AI2Qti4a0cv3XMh5n1+D3hLScW10LRIm5msQ=="
    }
  }
}
